
Microsoft Visual Studio Solution File, Format Version 10.00
# Visual C# Express 2008
Project("{FAE04EC0-301F-11D3-BF4B-00C04F79EFBC}") = "zreyla", "zreyla.csproj", "{73E2D9F6-DED6-4AA2-9C58-7E367B7D6FAA}"
EndProject
Global
	GlobalSection(SolutionConfigurationPlatforms) = preSolution
		Debug|Xbox 360 = Debug|Xbox 360
		Release|Xbox 360 = Release|Xbox 360
	EndGlobalSection
	GlobalSection(ProjectConfigurationPlatforms) = postSolution
		{73E2D9F6-DED6-4AA2-9C58-7E367B7D6FAA}.Debug|Xbox 360.ActiveCfg = Debug|Xbox 360
		{73E2D9F6-DED6-4AA2-9C58-7E367B7D6FAA}.Debug|Xbox 360.Build.0 = Debug|Xbox 360
		{73E2D9F6-DED6-4AA2-9C58-7E367B7D6FAA}.Debug|Xbox 360.Deploy.0 = Debug|Xbox 360
		{73E2D9F6-DED6-4AA2-9C58-7E367B7D6FAA}.Release|Xbox 360.ActiveCfg = Release|Xbox 360
		{73E2D9F6-DED6-4AA2-9C58-7E367B7D6FAA}.Release|Xbox 360.Build.0 = Release|Xbox 360
		{73E2D9F6-DED6-4AA2-9C58-7E367B7D6FAA}.Release|Xbox 360.Deploy.0 = Release|Xbox 360
		{045ADFFF-4EB9-4640-8CC4-422F97C4D654}.Debug|Xbox 360.ActiveCfg = Debug|Xbox 360
		{045ADFFF-4EB9-4640-8CC4-422F97C4D654}.Release|Xbox 360.ActiveCfg = Release|Xbox 360
	EndGlobalSection
	GlobalSection(SolutionProperties) = preSolution
		HideSolutionNode = FALSE
	EndGlobalSection
EndGlobal
